
Microsoft Visual Studio Solution File, Format Version 12.00
# Visual Studio 15
VisualStudioVersion = 15.0.27428.1
MinimumVisualStudioVersion = 10.0.40219.1
Project("{FAE04EC0-301F-11D3-BF4B-00C04F79EFBC}") = "CheckPortTCP", "CheckPortTCP\CheckPortTCP.csproj", "{DCB7B3B0-0400-4166-8971-F6E0964445DA}"
EndProject
Global
	GlobalSection(SolutionConfigurationPlatforms) = preSolution
		Debug|Any CPU = Debug|Any CPU
		Release|Any CPU = Release|Any CPU
	EndGlobalSection
	GlobalSection(ProjectConfigurationPlatforms) = postSolution
		{DCB7B3B0-0400-4166-8971-F6E0964445DA}.Debug|Any CPU.ActiveCfg = Debug|Any CPU
		{DCB7B3B0-0400-4166-8971-F6E0964445DA}.Debug|Any CPU.Build.0 = Debug|Any CPU
		{DCB7B3B0-0400-4166-8971-F6E0964445DA}.Release|Any CPU.ActiveCfg = Release|Any CPU
		{DCB7B3B0-0400-4166-8971-F6E0964445DA}.Release|Any CPU.Build.0 = Release|Any CPU
	EndGlobalSection
	GlobalSection(SolutionProperties) = preSolution
		HideSolutionNode = FALSE
	EndGlobalSection
	GlobalSection(ExtensibilityGlobals) = postSolution
		SolutionGuid = {4FB7A272-B7CE-43A2-9BBD-2DF92597FC13}
	EndGlobalSection
EndGlobal
